# This file is automatically @generated by Cargo.
# It is not intended for manual editing.
version = 3

[[package]]
name = "arrayref"
version = "0.3.7"
source = "registry+https://github.com/rust-lang/crates.io-index"
checksum = "6b4930d2cb77ce62f89ee5d5289b4ac049559b1c45539271f5ed4fdc7db34545"

[[package]]
name = "arrayvec"
version = "0.7.4"
source = "registry+https://github.com/rust-lang/crates.io-index"
checksum = "96d30a06541fbafbc7f82ed10c06164cfbd2c401138f6addd8404629c4b16711"

[[package]]
name = "blake3"
version = "1.5.0"
source = "registry+https://github.com/rust-lang/crates.io-index"
checksum = "0231f06152bf547e9c2b5194f247cd97aacf6dcd8b15d8e5ec0663f64580da87"
dependencies = [
 "arrayref",
 "arrayvec",
 "cc",
 "cfg-if",
 "constant_time_eq",
]

[[package]]
name = "block-buffer"
version = "0.10.4"
source = "registry+https://github.com/rust-lang/crates.io-index"
checksum = "3078c7629b62d3f0439517fa394996acacc5cbc91c5a20d8c658e77abd503a71"
dependencies = [
 "generic-array",
]

[[package]]
name = "cc"
version = "1.0.83"
source = "registry+https://github.com/rust-lang/crates.io-index"
checksum = "f1174fb0b6ec23863f8b971027804a42614e347eafb0a95bf0b12cdae21fc4d0"
dependencies = [
 "libc",
]

[[package]]
name = "cfg-if"
version = "1.0.0"
source = "registry+https://github.com/rust-lang/crates.io-index"
checksum = "baf1de4339761588bc0619e3cbc0120ee582ebb74b53b4efbf79117bd2da40fd"

[[package]]
name = "constant_time_eq"
version = "0.3.0"
source = "registry+https://github.com/rust-lang/crates.io-index"
checksum = "f7144d30dcf0fafbce74250a3963025d8d52177934239851c917d29f1df280c2"

[[package]]
name = "cpufeatures"
version = "0.2.9"
source = "registry+https://github.com/rust-lang/crates.io-index"
checksum = "a17b76ff3a4162b0b27f354a0c87015ddad39d35f9c0c36607a3bdd175dde1f1"
dependencies = [
 "libc",
]

[[package]]
name = "crypto-common"
version = "0.1.6"
source = "registry+https://github.com/rust-lang/crates.io-index"
checksum = "1bfb12502f3fc46cca1bb51ac28df9d618d813cdc3d2f25b9fe775a34af26bb3"
dependencies = [
 "generic-array",
 "typenum",
]

[[package]]
name = "digest"
version = "0.10.7"
source = "registry+https://github.com/rust-lang/crates.io-index"
checksum = "9ed9a281f7bc9b7576e61468ba615a66a5c8cfdff42420a70aa82701a3b1e292"
dependencies = [
 "block-buffer",
 "crypto-common",
]

[[package]]
name = "equivalent"
version = "1.0.1"
source = "registry+https://github.com/rust-lang/crates.io-index"
checksum = "5443807d6dff69373d433ab9ef5378ad8df50ca6298caf15de6e52e24aaf54d5"

[[package]]
name = "generic-array"
version = "0.14.7"
source = "registry+https://github.com/rust-lang/crates.io-index"
checksum = "85649ca51fd72272d7821adaf274ad91c288277713d9c18820d8499a7ff69e9a"
dependencies = [
 "typenum",
 "version_check",
]

[[package]]
name = "hashbrown"
version = "0.14.1"
source = "registry+https://github.com/rust-lang/crates.io-index"
checksum = "7dfda62a12f55daeae5015f81b0baea145391cb4520f86c248fc615d72640d12"

[[package]]
name = "indexmap"
version = "2.0.2"
source = "registry+https://github.com/rust-lang/crates.io-index"
checksum = "8adf3ddd720272c6ea8bf59463c04e0f93d0bbf7c5439b691bca2987e0270897"
dependencies = [
 "equivalent",
 "hashbrown",
]

[[package]]
name = "keccak"
version = "0.1.4"
source = "registry+https://github.com/rust-lang/crates.io-index"
checksum = "8f6d5ed8676d904364de097082f4e7d240b571b67989ced0240f08b7f966f940"
dependencies = [
 "cpufeatures",
]

[[package]]
name = "libc"
version = "0.2.148"
source = "registry+https://github.com/rust-lang/crates.io-index"
checksum = "9cdc71e17332e86d2e1d38c1f99edcb6288ee11b815fb1a4b049eaa2114d369b"

[[package]]
name = "log"
version = "0.4.20"
source = "registry+https://github.com/rust-lang/crates.io-index"
checksum = "b5e6163cb8c49088c2c36f57875e58ccd8c87c7427f7fbd50ea6710b2f3f2e8f"

[[package]]
name = "memchr"
version = "2.6.4"
source = "registry+https://github.com/rust-lang/crates.io-index"
checksum = "f665ee40bc4a3c5590afb1e9677db74a508659dfd71e126420da8274909a0167"

[[package]]
name = "miden-air"
version = "0.6.0"
source = "registry+https://github.com/rust-lang/crates.io-index"
checksum = "670ef3cdd4766c4ff385796ada3d3ba1052cab54e602741b04a02d3a0343c173"
dependencies = [
 "miden-core",
 "winter-air",
]

[[package]]
name = "miden-assembly"
version = "0.6.1"
source = "registry+https://github.com/rust-lang/crates.io-index"
checksum = "f350fca9c2a4e9861a804210906a944ab04cbafc7ce923a0249cb09e6b238907"
dependencies = [
 "miden-core",
 "num_enum",
]

[[package]]
name = "miden-core"
version = "0.6.1"
source = "registry+https://github.com/rust-lang/crates.io-index"
checksum = "de6b8e46b1acc1cc3a2d8d6ab976ab44537c84a67dbff0ece435d2fe702f39cc"
dependencies = [
 "miden-crypto",
 "winter-crypto",
 "winter-math",
 "winter-utils",
]

[[package]]
name = "miden-crypto"
version = "0.6.0"
source = "registry+https://github.com/rust-lang/crates.io-index"
checksum = "9cf95db953ee5fc8ef5a1df2d2e6e55e41587861c793fa26b45a214d3cc0f798"
dependencies = [
 "blake3",
 "winter-crypto",
 "winter-math",
 "winter-utils",
]

[[package]]
name = "miden-processor"
version = "0.6.1"
source = "registry+https://github.com/rust-lang/crates.io-index"
checksum = "250e1dcbd897ff3859a59692ce1b10b42ad0e41100e9067605be674c55ffdc14"
dependencies = [
 "log",
 "miden-air",
 "miden-core",
 "winter-prover",
]

[[package]]
name = "miden-prover"
version = "0.6.0"
source = "registry+https://github.com/rust-lang/crates.io-index"
checksum = "39b73d4cb3ac2af24f34b31872dc93a04784dd73f1275e9c09358fcceff8ec3b"
dependencies = [
 "log",
 "miden-air",
 "miden-processor",
 "winter-prover",
]

[[package]]
name = "miden-stdlib"
version = "0.5.0"
source = "registry+https://github.com/rust-lang/crates.io-index"
checksum = "09760c96c9e3b8df4b38fa1764f72ff0b3648a6eb997dbc1562ff98c1641fa34"
dependencies = [
 "miden-assembly",
]

[[package]]
name = "miden-verifier"
version = "0.6.0"
source = "registry+https://github.com/rust-lang/crates.io-index"
checksum = "942b5a3302bb528f23d5960a8c4ca1ed5f12de6aed5b039e376866517a6c6f70"
dependencies = [
 "miden-air",
 "miden-core",
 "winter-verifier",
]

[[package]]
name = "miden-vm"
version = "0.6.0"
source = "registry+https://github.com/rust-lang/crates.io-index"
checksum = "f33821ae8a5eb27b04f6fb5314ff5ce080d00ad9ae82ec226abadb8b271e7d06"
dependencies = [
 "log",
 "miden-assembly",
 "miden-processor",
 "miden-prover",
 "miden-stdlib",
 "miden-verifier",
]

[[package]]
name = "mount"
version = "0.1.0"
dependencies = [
 "miden-vm",
]

[[package]]
name = "num_enum"
version = "0.6.1"
source = "registry+https://github.com/rust-lang/crates.io-index"
checksum = "7a015b430d3c108a207fd776d2e2196aaf8b1cf8cf93253e3a097ff3085076a1"
dependencies = [
 "num_enum_derive",
]

[[package]]
name = "num_enum_derive"
version = "0.6.1"
source = "registry+https://github.com/rust-lang/crates.io-index"
checksum = "96667db765a921f7b295ffee8b60472b686a51d4f21c2ee4ffdb94c7013b65a6"
dependencies = [
 "proc-macro-crate",
 "proc-macro2",
 "quote",
 "syn",
]

[[package]]
name = "once_cell"
version = "1.18.0"
source = "registry+https://github.com/rust-lang/crates.io-index"
checksum = "dd8b5dd2ae5ed71462c540258bedcb51965123ad7e7ccf4b9a8cafaa4a63576d"

[[package]]
name = "proc-macro-crate"
version = "1.3.1"
source = "registry+https://github.com/rust-lang/crates.io-index"
checksum = "7f4c021e1093a56626774e81216a4ce732a735e5bad4868a03f3ed65ca0c3919"
dependencies = [
 "once_cell",
 "toml_edit",
]

[[package]]
name = "proc-macro2"
version = "1.0.67"
source = "registry+https://github.com/rust-lang/crates.io-index"
checksum = "3d433d9f1a3e8c1263d9456598b16fec66f4acc9a74dacffd35c7bb09b3a1328"
dependencies = [
 "unicode-ident",
]

[[package]]
name = "quote"
version = "1.0.33"
source = "registry+https://github.com/rust-lang/crates.io-index"
checksum = "5267fca4496028628a95160fc423a33e8b2e6af8a5302579e322e4b520293cae"
dependencies = [
 "proc-macro2",
]

[[package]]
name = "sha3"
version = "0.10.8"
source = "registry+https://github.com/rust-lang/crates.io-index"
checksum = "75872d278a8f37ef87fa0ddbda7802605cb18344497949862c0d4dcb291eba60"
dependencies = [
 "digest",
 "keccak",
]

[[package]]
name = "syn"
version = "2.0.37"
source = "registry+https://github.com/rust-lang/crates.io-index"
checksum = "7303ef2c05cd654186cb250d29049a24840ca25d2747c25c0381c8d9e2f582e8"
dependencies = [
 "proc-macro2",
 "quote",
 "unicode-ident",
]

[[package]]
name = "toml_datetime"
version = "0.6.3"
source = "registry+https://github.com/rust-lang/crates.io-index"
checksum = "7cda73e2f1397b1262d6dfdcef8aafae14d1de7748d66822d3bfeeb6d03e5e4b"

[[package]]
name = "toml_edit"
version = "0.19.15"
source = "registry+https://github.com/rust-lang/crates.io-index"
checksum = "1b5bb770da30e5cbfde35a2d7b9b8a2c4b8ef89548a7a6aeab5c9a576e3e7421"
dependencies = [
 "indexmap",
 "toml_datetime",
 "winnow",
]

[[package]]
name = "typenum"
version = "1.17.0"
source = "registry+https://github.com/rust-lang/crates.io-index"
checksum = "42ff0bf0c66b8238c6f3b578df37d0b7848e55df8577b3f74f92a69acceeb825"

[[package]]
name = "unicode-ident"
version = "1.0.12"
source = "registry+https://github.com/rust-lang/crates.io-index"
checksum = "3354b9ac3fae1ff6755cb6db53683adb661634f67557942dea4facebec0fee4b"

[[package]]
name = "version_check"
version = "0.9.4"
source = "registry+https://github.com/rust-lang/crates.io-index"
checksum = "49874b5167b65d7193b8aba1567f5c7d93d001cafc34600cee003eda787e483f"

[[package]]
name = "winnow"
version = "0.5.15"
source = "registry+https://github.com/rust-lang/crates.io-index"
checksum = "7c2e3184b9c4e92ad5167ca73039d0c42476302ab603e2fec4487511f38ccefc"
dependencies = [
 "memchr",
]

[[package]]
name = "winter-air"
version = "0.6.4"
source = "registry+https://github.com/rust-lang/crates.io-index"
checksum = "e952a5774c8e5d13cc015f29351f7f76511ce41440aa39d01c12365bb70e285e"
dependencies = [
 "winter-crypto",
 "winter-fri",
 "winter-math",
 "winter-utils",
]

[[package]]
name = "winter-crypto"
version = "0.6.4"
source = "registry+https://github.com/rust-lang/crates.io-index"
checksum = "54a20b2a4499797cbaeb38c980f9f34e6e60d993e8e170a6deb354345f50cbfb"
dependencies = [
 "blake3",
 "sha3",
 "winter-math",
 "winter-utils",
]

[[package]]
name = "winter-fri"
version = "0.6.4"
source = "registry+https://github.com/rust-lang/crates.io-index"
checksum = "60de4e8baf33cc388b82f79808e42dacd7cb208e8c17bd10e3f8b8bdbdae1668"
dependencies = [
 "winter-crypto",
 "winter-math",
 "winter-utils",
]

[[package]]
name = "winter-math"
version = "0.6.5"
source = "registry+https://github.com/rust-lang/crates.io-index"
checksum = "1795f5323f03c987a6aada6e8229f2c7f9353956cfa1b648b9c6cf5440958caa"
dependencies = [
 "winter-utils",
]

[[package]]
name = "winter-prover"
version = "0.6.4"
source = "registry+https://github.com/rust-lang/crates.io-index"
checksum = "2adea1eb4620fd1b3e8a7647a2a45bd4ebcab4cda14c9719b70039db05762191"
dependencies = [
 "log",
 "winter-air",
 "winter-crypto",
 "winter-fri",
 "winter-math",
 "winter-utils",
]

[[package]]
name = "winter-utils"
version = "0.6.4"
source = "registry+https://github.com/rust-lang/crates.io-index"
checksum = "b903fda6a50cce2aa5a172a9269aca0f09b25df20afb1faa427db76d40779671"

[[package]]
name = "winter-verifier"
version = "0.6.4"
source = "registry+https://github.com/rust-lang/crates.io-index"
checksum = "c517e7e30d6f90784b91490172ce2fd20ccaa06e42664588f32e910a1e5c28dc"
dependencies = [
 "winter-air",
 "winter-crypto",
 "winter-fri",
 "winter-math",
 "winter-utils",
]
